{
  "name": "twitter_dapp",
  "lockfileVersion": 2,
  "requires": true,
  "packages": {
    "": {
      "dependencies": {
        "@openzeppelin/contracts": "^5.0.1",
        "dotenv": "^16.3.1"
      },
      "devDependencies": {
        "@types/node": "^20.11.1"
      }
    },
    "node_modules/@openzeppelin/contracts": {
      "version": "5.0.1",
      "resolved": "https://registry.npmjs.org/@openzeppelin/contracts/-/contracts-5.0.1.tgz",
      "integrity": "sha512-yQJaT5HDp9hYOOp4jTYxMsR02gdFZFXhewX5HW9Jo4fsqSVqqyIO/xTHdWDaKX5a3pv1txmf076Lziz+sO7L1w=="
    },
    "node_modules/@types/node": {
      "version": "20.11.1",
      "resolved": "https://registry.npmjs.org/@types/node/-/node-20.11.1.tgz",
      "integrity": "sha512-DsXojJUES2M+FE8CpptJTKpg+r54moV9ZEncPstni1WHFmTcCzeFLnMFfyhCVS8XNOy/OQG+8lVxRLRrVHmV5A==",
      "dev": true,
      "dependencies": {
        "undici-types": "~5.26.4"
      }
    },
    "node_modules/dotenv": {
      "version": "16.3.1",
      "resolved": "https://registry.npmjs.org/dotenv/-/dotenv-16.3.1.tgz",
      "integrity": "sha512-IPzF4w4/Rd94bA9imS68tZBaYyBWSCE47V1RGuMrB94iyTOIEwRmVL2x/4An+6mETpLrKJ5hQkB8W4kFAadeIQ==",
      "engines": {
        "node": ">=12"
      },
      "funding": {
        "url": "https://github.com/motdotla/dotenv?sponsor=1"
      }
    },
    "node_modules/undici-types": {
      "version": "5.26.5",
      "resolved": "https://registry.npmjs.org/undici-types/-/undici-types-5.26.5.tgz",
      "integrity": "sha512-JlCMO+ehdEIKqlFxk6IfVoAUVmgz7cU7zD/h9XZ0qzeosSHmUJVOzSQvvYSYWXkFXC+IfLKSIffhv0sVZup6pA==",
      "dev": true
    }
  },
  "dependencies": {
    "@openzeppelin/contracts": {
      "version": "5.0.1",
      "resolved": "https://registry.npmjs.org/@openzeppelin/contracts/-/contracts-5.0.1.tgz",
      "integrity": "sha512-yQJaT5HDp9hYOOp4jTYxMsR02gdFZFXhewX5HW9Jo4fsqSVqqyIO/xTHdWDaKX5a3pv1txmf076Lziz+sO7L1w=="
    },
    "@types/node": {
      "version": "20.11.1",
      "resolved": "https://registry.npmjs.org/@types/node/-/node-20.11.1.tgz",
      "integrity": "sha512-DsXojJUES2M+FE8CpptJTKpg+r54moV9ZEncPstni1WHFmTcCzeFLnMFfyhCVS8XNOy/OQG+8lVxRLRrVHmV5A==",
      "dev": true,
      "requires": {
        "undici-types": "~5.26.4"
      }
    },
    "dotenv": {
      "version": "16.3.1",
      "resolved": "https://registry.npmjs.org/dotenv/-/dotenv-16.3.1.tgz",
      "integrity": "sha512-IPzF4w4/Rd94bA9imS68tZBaYyBWSCE47V1RGuMrB94iyTOIEwRmVL2x/4An+6mETpLrKJ5hQkB8W4kFAadeIQ=="
    },
    "undici-types": {
      "version": "5.26.5",
      "resolved": "https://registry.npmjs.org/undici-types/-/undici-types-5.26.5.tgz",
      "integrity": "sha512-JlCMO+ehdEIKqlFxk6IfVoAUVmgz7cU7zD/h9XZ0qzeosSHmUJVOzSQvvYSYWXkFXC+IfLKSIffhv0sVZup6pA==",
      "dev": true
    }
  }
}
